
Microsoft Visual Studio Solution File, Format Version 12.00
# Visual Studio Version 17
VisualStudioVersion = 17.2.32616.157
MinimumVisualStudioVersion = 10.0.40219.1
Project("{FAE04EC0-301F-11D3-BF4B-00C04F79EFBC}") = "UNIT2LAB", "UNIT2LAB\UNIT2LAB.csproj", "{975EAEA1-EAD2-4F53-8CF9-B8EE43926FF8}"
EndProject
Global
	GlobalSection(SolutionConfigurationPlatforms) = preSolution
		Debug|Any CPU = Debug|Any CPU
		Release|Any CPU = Release|Any CPU
	EndGlobalSection
	GlobalSection(ProjectConfigurationPlatforms) = postSolution
		{975EAEA1-EAD2-4F53-8CF9-B8EE43926FF8}.Debug|Any CPU.ActiveCfg = Debug|Any CPU
		{975EAEA1-EAD2-4F53-8CF9-B8EE43926FF8}.Debug|Any CPU.Build.0 = Debug|Any CPU
		{975EAEA1-EAD2-4F53-8CF9-B8EE43926FF8}.Release|Any CPU.ActiveCfg = Release|Any CPU
		{975EAEA1-EAD2-4F53-8CF9-B8EE43926FF8}.Release|Any CPU.Build.0 = Release|Any CPU
	EndGlobalSection
	GlobalSection(SolutionProperties) = preSolution
		HideSolutionNode = FALSE
	EndGlobalSection
	GlobalSection(ExtensibilityGlobals) = postSolution
		SolutionGuid = {640B63A7-271A-4C8D-A7F9-911274E44D13}
	EndGlobalSection
EndGlobal
